
Microsoft Visual Studio Solution File, Format Version 11.00
# Visual Studio 2010
Project("{2150E333-8FDC-42A3-9474-1A3956D46DE8}") = "Solution Items", "Solution Items", "{3768E4A2-0CAA-463E-A9A4-81F3674E27C2}"
	ProjectSection(SolutionItems) = preProject
		readme.txt = readme.txt
	EndProjectSection
EndProject
Project("{8BC9CEB8-8B4A-11D0-8D11-00A0C91BC942}") = "obj2gb", "obj2gb\obj2gb.vcxproj", "{9A8A8808-796A-47E5-94A8-B95294752F1A}"
EndProject
Project("{8BC9CEB8-8B4A-11D0-8D11-00A0C91BC942}") = "obj2gb3", "obj2gb3\obj2gb3.vcxproj", "{28614532-645E-4827-A3C2-414927AFFFE9}"
EndProject
Project("{8BC9CEB8-8B4A-11D0-8D11-00A0C91BC942}") = "obj2h", "obj2h\obj2h.vcxproj", "{DE0CF8F5-338A-4B85-8FF1-00AE0A1097A7}"
EndProject
Global
	GlobalSection(SolutionConfigurationPlatforms) = preSolution
		Debug|Win32 = Debug|Win32
		Release|Win32 = Release|Win32
	EndGlobalSection
	GlobalSection(ProjectConfigurationPlatforms) = postSolution
		{9A8A8808-796A-47E5-94A8-B95294752F1A}.Debug|Win32.ActiveCfg = Debug|Win32
		{9A8A8808-796A-47E5-94A8-B95294752F1A}.Debug|Win32.Build.0 = Debug|Win32
		{9A8A8808-796A-47E5-94A8-B95294752F1A}.Release|Win32.ActiveCfg = Release|Win32
		{9A8A8808-796A-47E5-94A8-B95294752F1A}.Release|Win32.Build.0 = Release|Win32
		{28614532-645E-4827-A3C2-414927AFFFE9}.Debug|Win32.ActiveCfg = Debug|Win32
		{28614532-645E-4827-A3C2-414927AFFFE9}.Debug|Win32.Build.0 = Debug|Win32
		{28614532-645E-4827-A3C2-414927AFFFE9}.Release|Win32.ActiveCfg = Release|Win32
		{28614532-645E-4827-A3C2-414927AFFFE9}.Release|Win32.Build.0 = Release|Win32
		{DE0CF8F5-338A-4B85-8FF1-00AE0A1097A7}.Debug|Win32.ActiveCfg = Debug|Win32
		{DE0CF8F5-338A-4B85-8FF1-00AE0A1097A7}.Debug|Win32.Build.0 = Debug|Win32
		{DE0CF8F5-338A-4B85-8FF1-00AE0A1097A7}.Release|Win32.ActiveCfg = Release|Win32
		{DE0CF8F5-338A-4B85-8FF1-00AE0A1097A7}.Release|Win32.Build.0 = Release|Win32
	EndGlobalSection
	GlobalSection(SolutionProperties) = preSolution
		HideSolutionNode = FALSE
	EndGlobalSection
EndGlobal
